// !$*UTF8*$!
{
	archiveVersion = 1;
	classes = {
	};
	objectVersion = 48;
	objects = {

/* Begin PBXBuildFile section */
		9EFC133C1F8AB458004A4960 /* AppDelegate.swift in Sources */ = {isa = PBXBuildFile; fileRef = 9EFC133B1F8AB458004A4960 /* AppDelegate.swift */; };
		9EFC133E1F8AB458004A4960 /* ViewController.swift in Sources */ = {isa = PBXBuildFile; fileRef = 9EFC133D1F8AB458004A4960 /* ViewController.swift */; };
		9EFC13411F8AB458004A4960 /* Main.storyboard in Resources */ = {isa = PBXBuildFile; fileRef = 9EFC133F1F8AB458004A4960 /* Main.storyboard */; };
		9EFC13431F8AB458004A4960 /* Assets.xcassets in Resources */ = {isa = PBXBuildFile; fileRef = 9EFC13421F8AB458004A4960 /* Assets.xcassets */; };
		9EFC13461F8AB458004A4960 /* LaunchScreen.storyboard in Resources */ = {isa = PBXBuildFile; fileRef = 9EFC13441F8AB458004A4960 /* LaunchScreen.storyboard */; };
		9EFC13511F8AB458004A4960 /* WorkoutTests.swift in Sources */ = {isa = PBXBuildFile; fileRef = 9EFC13501F8AB458004A4960 /* WorkoutTests.swift */; };
		9EFC135C1F8AB458004A4960 /* WorkoutUITests.swift in Sources */ = {isa = PBXBuildFile; fileRef = 9EFC135B1F8AB458004A4960 /* WorkoutUITests.swift */; };
/* End PBXBuildFile section */

/* Begin PBXContainerItemProxy section */
		9EFC134D1F8AB458004A4960 /* PBXContainerItemProxy */ = {
			isa = PBXContainerItemProxy;
			containerPortal = 9EFC13301F8AB458004A4960 /* Project object */;
			proxyType = 1;
			remoteGlobalIDString = 9EFC13371F8AB458004A4960;
			remoteInfo = Workout;
		};
		9EFC13581F8AB458004A4960 /* PBXContainerItemProxy */ = {
			isa = PBXContainerItemProxy;
			containerPortal = 9EFC13301F8AB458004A4960 /* Project object */;
			proxyType = 1;
			remoteGlobalIDString = 9EFC13371F8AB458004A4960;
			remoteInfo = Workout;
		};
/* End PBXContainerItemProxy section */

/* Begin PBXFileReference section */
		9EFC13381F8AB458004A4960 /* Workout.app */ = {isa = PBXFileReference; explicitFileType = wrapper.application; includeInIndex = 0; path = Workout.app; sourceTree = BUILT_PRODUCTS_DIR; };
		9EFC133B1F8AB458004A4960 /* AppDelegate.swift */ = {isa = PBXFileReference; lastKnownFileType = sourcecode.swift; path = AppDelegate.swift; sourceTree = "<group>"; };
		9EFC133D1F8AB458004A4960 /* ViewController.swift */ = {isa = PBXFileReference; lastKnownFileType = sourcecode.swift; path = ViewController.swift; sourceTree = "<group>"; };
		9EFC13401F8AB458004A4960 /* Base */ = {isa = PBXFileReference; lastKnownFileType = file.storyboard; name = Base; path = Base.lproj/Main.storyboard; sourceTree = "<group>"; };
		9EFC13421F8AB458004A4960 /* Assets.xcassets */ = {isa = PBXFileReference; lastKnownFileType = folder.assetcatalog; path = Assets.xcassets; sourceTree = "<group>"; };
		9EFC13451F8AB458004A4960 /* Base */ = {isa = PBXFileReference; lastKnownFileType = file.storyboard; name = Base; path = Base.lproj/LaunchScreen.storyboard; sourceTree = "<group>"; };
		9EFC13471F8AB458004A4960 /* Info.plist */ = {isa = PBXFileReference; lastKnownFileType = text.plist.xml; path = Info.plist; sourceTree = "<group>"; };
		9EFC134C1F8AB458004A4960 /* WorkoutTests.xctest */ = {isa = PBXFileReference; explicitFileType = wrapper.cfbundle; includeInIndex = 0; path = WorkoutTests.xctest; sourceTree = BUILT_PRODUCTS_DIR; };
		9EFC13501F8AB458004A4960 /* WorkoutTests.swift */ = {isa = PBXFileReference; lastKnownFileType = sourcecode.swift; path = WorkoutTests.swift; sourceTree = "<group>"; };
		9EFC13521F8AB458004A4960 /* Info.plist */ = {isa = PBXFileReference; lastKnownFileType = text.plist.xml; path = Info.plist; sourceTree = "<group>"; };
		9EFC13571F8AB458004A4960 /* WorkoutUITests.xctest */ = {isa = PBXFileReference; explicitFileType = wrapper.cfbundle; includeInIndex = 0; path = WorkoutUITests.xctest; sourceTree = BUILT_PRODUCTS_DIR; };
		9EFC135B1F8AB458004A4960 /* WorkoutUITests.swift */ = {isa = PBXFileReference; lastKnownFileType = sourcecode.swift; path = WorkoutUITests.swift; sourceTree = "<group>"; };
		9EFC135D1F8AB458004A4960 /* Info.plist */ = {isa = PBXFileReference; lastKnownFileType = text.plist.xml; path = Info.plist; sourceTree = "<group>"; };
/* End PBXFileReference section */

/* Begin PBXFrameworksBuildPhase section */
		9EFC13351F8AB458004A4960 /* Frameworks */ = {
			isa = PBXFrameworksBuildPhase;
			buildActionMask = 2147483647;
			files = (
			);
			runOnlyForDeploymentPostprocessing = 0;
		};
		9EFC13491F8AB458004A4960 /* Frameworks */ = {
			isa = PBXFrameworksBuildPhase;
			buildActionMask = 2147483647;
			files = (
			);
			runOnlyForDeploymentPostprocessing = 0;
		};
		9EFC13541F8AB458004A4960 /* Frameworks */ = {
			isa = PBXFrameworksBuildPhase;
			buildActionMask = 2147483647;
			files = (
			);
			runOnlyForDeploymentPostprocessing = 0;
		};
/* End PBXFrameworksBuildPhase section */

/* Begin PBXGroup section */
		9EFC132F1F8AB458004A4960 = {
			isa = PBXGroup;
			children = (
				9EFC133A1F8AB458004A4960 /* Workout */,
				9EFC134F1F8AB458004A4960 /* WorkoutTests */,
				9EFC135A1F8AB458004A4960 /* WorkoutUITests */,
				9EFC13391F8AB458004A4960 /* Products */,
			);
			sourceTree = "<group>";
		};
		9EFC13391F8AB458004A4960 /* Products */ = {
			isa = PBXGroup;
			children = (
				9EFC13381F8AB458004A4960 /* Workout.app */,
				9EFC134C1F8AB458004A4960 /* WorkoutTests.xctest */,
				9EFC13571F8AB458004A4960 /* WorkoutUITests.xctest */,
			);
			name = Products;
			sourceTree = "<group>";
		};
		9EFC133A1F8AB458004A4960 /* Workout */ = {
			isa = PBXGroup;
			children = (
				9EFC133B1F8AB458004A4960 /* AppDelegate.swift */,
				9EFC133D1F8AB458004A4960 /* ViewController.swift */,
				9EFC133F1F8AB458004A4960 /* Main.storyboard */,
				9EFC13421F8AB458004A4960 /* Assets.xcassets */,
				9EFC13441F8AB458004A4960 /* LaunchScreen.storyboard */,
				9EFC13471F8AB458004A4960 /* Info.plist */,
			);
			path = Workout;
			sourceTree = "<group>";
		};
		9EFC134F1F8AB458004A4960 /* WorkoutTests */ = {
			isa = PBXGroup;
			children = (
				9EFC13501F8AB458004A4960 /* WorkoutTests.swift */,
				9EFC13521F8AB458004A4960 /* Info.plist */,
			);
			path = WorkoutTests;
			sourceTree = "<group>";
		};
		9EFC135A1F8AB458004A4960 /* WorkoutUITests */ = {
			isa = PBXGroup;
			children = (
				9EFC135B1F8AB458004A4960 /* WorkoutUITests.swift */,
				9EFC135D1F8AB458004A4960 /* Info.plist */,
			);
			path = WorkoutUITests;
			sourceTree = "<group>";
		};
/* End PBXGroup section */

/* Begin PBXNativeTarget section */
		9EFC13371F8AB458004A4960 /* Workout */ = {
			isa = PBXNativeTarget;
			buildConfigurationList = 9EFC13601F8AB458004A4960 /* Build configuration list for PBXNativeTarget "Workout" */;
			buildPhases = (
				9EFC13341F8AB458004A4960 /* Sources */,
				9EFC13351F8AB458004A4960 /* Frameworks */,
				9EFC13361F8AB458004A4960 /* Resources */,
			);
			buildRules = (
			);
			dependencies = (
			);
			name = Workout;
			productName = Workout;
			productReference = 9EFC13381F8AB458004A4960 /* Workout.app */;
			productType = "com.apple.product-type.application";
		};
		9EFC134B1F8AB458004A4960 /* WorkoutTests */ = {
			isa = PBXNativeTarget;
			buildConfigurationList = 9EFC13631F8AB458004A4960 /* Build configuration list for PBXNativeTarget "WorkoutTests" */;
			buildPhases = (
				9EFC13481F8AB458004A4960 /* Sources */,
				9EFC13491F8AB458004A4960 /* Frameworks */,
				9EFC134A1F8AB458004A4960 /* Resources */,
			);
			buildRules = (
			);
			dependencies = (
				9EFC134E1F8AB458004A4960 /* PBXTargetDependency */,
			);
			name = WorkoutTests;
			productName = WorkoutTests;
			productReference = 9EFC134C1F8AB458004A4960 /* WorkoutTests.xctest */;
			productType = "com.apple.product-type.bundle.unit-test";
		};
		9EFC13561F8AB458004A4960 /* WorkoutUITests */ = {
			isa = PBXNativeTarget;
			buildConfigurationList = 9EFC13661F8AB458004A4960 /* Build configuration list for PBXNativeTarget "WorkoutUITests" */;
			buildPhases = (
				9EFC13531F8AB458004A4960 /* Sources */,
				9EFC13541F8AB458004A4960 /* Frameworks */,
				9EFC13551F8AB458004A4960 /* Resources */,
			);
			buildRules = (
			);
			dependencies = (
				9EFC13591F8AB458004A4960 /* PBXTargetDependency */,
			);
			name = WorkoutUITests;
			productName = WorkoutUITests;
			productReference = 9EFC13571F8AB458004A4960 /* WorkoutUITests.xctest */;
			productType = "com.apple.product-type.bundle.ui-testing";
		};
/* End PBXNativeTarget section */

/* Begin PBXProject section */
		9EFC13301F8AB458004A4960 /* Project object */ = {
			isa = PBXProject;
			attributes = {
				LastSwiftUpdateCheck = 0900;
				LastUpgradeCheck = 0900;
				ORGANIZATIONNAME = "King Yactayo";
				TargetAttributes = {
					9EFC13371F8AB458004A4960 = {
						CreatedOnToolsVersion = 9.0;
						ProvisioningStyle = Automatic;
					};
					9EFC134B1F8AB458004A4960 = {
						CreatedOnToolsVersion = 9.0;
						ProvisioningStyle = Automatic;
						TestTargetID = 9EFC13371F8AB458004A4960;
					};
					9EFC13561F8AB458004A4960 = {
						CreatedOnToolsVersion = 9.0;
						ProvisioningStyle = Automatic;
						TestTargetID = 9EFC13371F8AB458004A4960;
					};
				};
			};
			buildConfigurationList = 9EFC13331F8AB458004A4960 /* Build configuration list for PBXProject "Workout" */;
			compatibilityVersion = "Xcode 8.0";
			developmentRegion = en;
			hasScannedForEncodings = 0;
			knownRegions = (
				en,
				Base,
			);
			mainGroup = 9EFC132F1F8AB458004A4960;
			productRefGroup = 9EFC13391F8AB458004A4960 /* Products */;
			projectDirPath = "";
			projectRoot = "";
			targets = (
				9EFC13371F8AB458004A4960 /* Workout */,
				9EFC134B1F8AB458004A4960 /* WorkoutTests */,
				9EFC13561F8AB458004A4960 /* WorkoutUITests */,
			);
		};
/* End PBXProject section */

/* Begin PBXResourcesBuildPhase section */
		9EFC13361F8AB458004A4960 /* Resources */ = {
			isa = PBXResourcesBuildPhase;
			buildActionMask = 2147483647;
			files = (
				9EFC13461F8AB458004A4960 /* LaunchScreen.storyboard in Resources */,
				9EFC13431F8AB458004A4960 /* Assets.xcassets in Resources */,
				9EFC13411F8AB458004A4960 /* Main.storyboard in Resources */,
			);
			runOnlyForDeploymentPostprocessing = 0;
		};
		9EFC134A1F8AB458004A4960 /* Resources */ = {
			isa = PBXResourcesBuildPhase;
			buildActionMask = 2147483647;
			files = (
			);
			runOnlyForDeploymentPostprocessing = 0;
		};
		9EFC13551F8AB458004A4960 /* Resources */ = {
			isa = PBXResourcesBuildPhase;
			buildActionMask = 2147483647;
			files = (
			);
			runOnlyForDeploymentPostprocessing = 0;
		};
/* End PBXResourcesBuildPhase section */

/* Begin PBXSourcesBuildPhase section */
		9EFC13341F8AB458004A4960 /* Sources */ = {
			isa = PBXSourcesBuildPhase;
			buildActionMask = 2147483647;
			files = (
				9EFC133E1F8AB458004A4960 /* ViewController.swift in Sources */,
				9EFC133C1F8AB458004A4960 /* AppDelegate.swift in Sources */,
			);
			runOnlyForDeploymentPostprocessing = 0;
		};
		9EFC13481F8AB458004A4960 /* Sources */ = {
			isa = PBXSourcesBuildPhase;
			buildActionMask = 2147483647;
			files = (
				9EFC13511F8AB458004A4960 /* WorkoutTests.swift in Sources */,
			);
			runOnlyForDeploymentPostprocessing = 0;
		};
		9EFC13531F8AB458004A4960 /* Sources */ = {
			isa = PBXSourcesBuildPhase;
			buildActionMask = 2147483647;
			files = (
				9EFC135C1F8AB458004A4960 /* WorkoutUITests.swift in Sources */,
			);
			runOnlyForDeploymentPostprocessing = 0;
		};
/* End PBXSourcesBuildPhase section */

/* Begin PBXTargetDependency section */
		9EFC134E1F8AB458004A4960 /* PBXTargetDependency */ = {
			isa = PBXTargetDependency;
			target = 9EFC13371F8AB458004A4960 /* Workout */;
			targetProxy = 9EFC134D1F8AB458004A4960 /* PBXContainerItemProxy */;
		};
		9EFC13591F8AB458004A4960 /* PBXTargetDependency */ = {
			isa = PBXTargetDependency;
			target = 9EFC13371F8AB458004A4960 /* Workout */;
			targetProxy = 9EFC13581F8AB458004A4960 /* PBXContainerItemProxy */;
		};
/* End PBXTargetDependency section */

/* Begin PBXVariantGroup section */
		9EFC133F1F8AB458004A4960 /* Main.storyboard */ = {
			isa = PBXVariantGroup;
			children = (
				9EFC13401F8AB458004A4960 /* Base */,
			);
			name = Main.storyboard;
			sourceTree = "<group>";
		};
		9EFC13441F8AB458004A4960 /* LaunchScreen.storyboard */ = {
			isa = PBXVariantGroup;
			children = (
				9EFC13451F8AB458004A4960 /* Base */,
			);
			name = LaunchScreen.storyboard;
			sourceTree = "<group>";
		};
/* End PBXVariantGroup section */

/* Begin XCBuildConfiguration section */
		9EFC135E1F8AB458004A4960 /* Debug */ = {
			isa = XCBuildConfiguration;
			buildSettings = {
				ALWAYS_SEARCH_USER_PATHS = NO;
				CLANG_ANALYZER_NONNULL = YES;
				CLANG_ANALYZER_NUMBER_OBJECT_CONVERSION = YES_AGGRESSIVE;
				CLANG_CXX_LANGUAGE_STANDARD = "gnu++14";
				CLANG_CXX_LIBRARY = "libc++";
				CLANG_ENABLE_MODULES = YES;
				CLANG_ENABLE_OBJC_ARC = YES;
				CLANG_WARN_BLOCK_CAPTURE_AUTORELEASING = YES;
				CLANG_WARN_BOOL_CONVERSION = YES;
				CLANG_WARN_COMMA = YES;
				CLANG_WARN_CONSTANT_CONVERSION = YES;
				CLANG_WARN_DIRECT_OBJC_ISA_USAGE = YES_ERROR;
				CLANG_WARN_DOCUMENTATION_COMMENTS = YES;
				CLANG_WARN_EMPTY_BODY = YES;
				CLANG_WARN_ENUM_CONVERSION = YES;
				CLANG_WARN_INFINITE_RECURSION = YES;
				CLANG_WARN_INT_CONVERSION = YES;
				CLANG_WARN_NON_LITERAL_NULL_CONVERSION = YES;
				CLANG_WARN_OBJC_LITERAL_CONVERSION = YES;
				CLANG_WARN_OBJC_ROOT_CLASS = YES_ERROR;
				CLANG_WARN_RANGE_LOOP_ANALYSIS = YES;
				CLANG_WARN_STRICT_PROTOTYPES = YES;
				CLANG_WARN_SUSPICIOUS_MOVE = YES;
				CLANG_WARN_UNGUARDED_AVAILABILITY = YES_AGGRESSIVE;
				CLANG_WARN_UNREACHABLE_CODE = YES;
				CLANG_WARN__DUPLICATE_METHOD_MATCH = YES;
				CODE_SIGN_IDENTITY = "iPhone Developer";
				COPY_PHASE_STRIP = NO;
				DEBUG_INFORMATION_FORMAT = dwarf;
				ENABLE_STRICT_OBJC_MSGSEND = YES;
				ENABLE_TESTABILITY = YES;
				GCC_C_LANGUAGE_STANDARD = gnu11;
				GCC_DYNAMIC_NO_PIC = NO;
				GCC_NO_COMMON_BLOCKS = YES;
				GCC_OPTIMIZATION_LEVEL = 0;
				GCC_PREPROCESSOR_DEFINITIONS = (
					"DEBUG=1",
					"$(inherited)",
				);
				GCC_WARN_64_TO_32_BIT_CONVERSION = YES;
				GCC_WARN_ABOUT_RETURN_TYPE = YES_ERROR;
				GCC_WARN_UNDECLARED_SELECTOR = YES;
				GCC_WARN_UNINITIALIZED_AUTOS = YES_AGGRESSIVE;
				GCC_WARN_UNUSED_FUNCTION = YES;
				GCC_WARN_UNUSED_VARIABLE = YES;
				IPHONEOS_DEPLOYMENT_TARGET = 11.0;
				MTL_ENABLE_DEBUG_INFO = YES;
				ONLY_ACTIVE_ARCH = YES;
				SDKROOT = iphoneos;
				SWIFT_ACTIVE_COMPILATION_CONDITIONS = DEBUG;
				SWIFT_OPTIMIZATION_LEVEL = "-Onone";
			};
			name = Debug;
		};
		9EFC135F1F8AB458004A4960 /* Release */ = {
			isa = XCBuildConfiguration;
			buildSettings = {
				ALWAYS_SEARCH_USER_PATHS = NO;
				CLANG_ANALYZER_NONNULL = YES;
				CLANG_ANALYZER_NUMBER_OBJECT_CONVERSION = YES_AGGRESSIVE;
				CLANG_CXX_LANGUAGE_STANDARD = "gnu++14";
				CLANG_CXX_LIBRARY = "libc++";
				CLANG_ENABLE_MODULES = YES;
				CLANG_ENABLE_OBJC_ARC = YES;
				CLANG_WARN_BLOCK_CAPTURE_AUTORELEASING = YES;
				CLANG_WARN_BOOL_CONVERSION = YES;
				CLANG_WARN_COMMA = YES;
				CLANG_WARN_CONSTANT_CONVERSION = YES;
				CLANG_WARN_DIRECT_OBJC_ISA_USAGE = YES_ERROR;
				CLANG_WARN_DOCUMENTATION_COMMENTS = YES;
				CLANG_WARN_EMPTY_BODY = YES;
				CLANG_WARN_ENUM_CONVERSION = YES;
				CLANG_WARN_INFINITE_RECURSION = YES;
				CLANG_WARN_INT_CONVERSION = YES;
				CLANG_WARN_NON_LITERAL_NULL_CONVERSION = YES;
				CLANG_WARN_OBJC_LITERAL_CONVERSION = YES;
				CLANG_WARN_OBJC_ROOT_CLASS = YES_ERROR;
				CLANG_WARN_RANGE_LOOP_ANALYSIS = YES;
				CLANG_WARN_STRICT_PROTOTYPES = YES;
				CLANG_WARN_SUSPICIOUS_MOVE = YES;
				CLANG_WARN_UNGUARDED_AVAILABILITY = YES_AGGRESSIVE;
				CLANG_WARN_UNREACHABLE_CODE = YES;
				CLANG_WARN__DUPLICATE_METHOD_MATCH = YES;
				CODE_SIGN_IDENTITY = "iPhone Developer";
				COPY_PHASE_STRIP = NO;
				DEBUG_INFORMATION_FORMAT = "dwarf-with-dsym";
				ENABLE_NS_ASSERTIONS = NO;
				ENABLE_STRICT_OBJC_MSGSEND = YES;
				GCC_C_LANGUAGE_STANDARD = gnu11;
				GCC_NO_COMMON_BLOCKS = YES;
				GCC_WARN_64_TO_32_BIT_CONVERSION = YES;
				GCC_WARN_ABOUT_RETURN_TYPE = YES_ERROR;
				GCC_WARN_UNDECLARED_SELECTOR = YES;
				GCC_WARN_UNINITIALIZED_AUTOS = YES_AGGRESSIVE;
				GCC_WARN_UNUSED_FUNCTION = YES;
				GCC_WARN_UNUSED_VARIABLE = YES;
				IPHONEOS_DEPLOYMENT_TARGET = 11.0;
				MTL_ENABLE_DEBUG_INFO = NO;
				SDKROOT = iphoneos;
				SWIFT_OPTIMIZATION_LEVEL = "-Owholemodule";
				VALIDATE_PRODUCT = YES;
			};
			name = Release;
		};
		9EFC13611F8AB458004A4960 /* Debug */ = {
			isa = XCBuildConfiguration;
			buildSettings = {
				ASSETCATALOG_COMPILER_APPICON_NAME = AppIcon;
				CODE_SIGN_STYLE = Automatic;
				DEVELOPMENT_TEAM = JXRRDHD4FB;
				INFOPLIST_FILE = Workout/Info.plist;
				LD_RUNPATH_SEARCH_PATHS = "$(inherited) @executable_path/Frameworks";
				PRODUCT_BUNDLE_IDENTIFIER = com.king.yactayo.workoutapp;
				PRODUCT_NAME = "$(TARGET_NAME)";
				SWIFT_VERSION = 4.0;
				TARGETED_DEVICE_FAMILY = "1,2";
			};
			name = Debug;
		};
		9EFC13621F8AB458004A4960 /* Release */ = {
			isa = XCBuildConfiguration;
			buildSettings = {
				ASSETCATALOG_COMPILER_APPICON_NAME = AppIcon;
				CODE_SIGN_STYLE = Automatic;
				DEVELOPMENT_TEAM = JXRRDHD4FB;
				INFOPLIST_FILE = Workout/Info.plist;
				LD_RUNPATH_SEARCH_PATHS = "$(inherited) @executable_path/Frameworks";
				PRODUCT_BUNDLE_IDENTIFIER = com.king.yactayo.workoutapp;
				PRODUCT_NAME = "$(TARGET_NAME)";
				SWIFT_VERSION = 4.0;
				TARGETED_DEVICE_FAMILY = "1,2";
			};
			name = Release;
		};
		9EFC13641F8AB458004A4960 /* Debug */ = {
			isa = XCBuildConfiguration;
			buildSettings = {
				ALWAYS_EMBED_SWIFT_STANDARD_LIBRARIES = YES;
				BUNDLE_LOADER = "$(TEST_HOST)";
				CODE_SIGN_STYLE = Automatic;
				INFOPLIST_FILE = WorkoutTests/Info.plist;
				LD_RUNPATH_SEARCH_PATHS = "$(inherited) @executable_path/Frameworks @loader_path/Frameworks";
				PRODUCT_BUNDLE_IDENTIFIER = com.king.yactayo.WorkoutTests;
				PRODUCT_NAME = "$(TARGET_NAME)";
				SWIFT_VERSION = 4.0;
				TARGETED_DEVICE_FAMILY = "1,2";
				TEST_HOST = "$(BUILT_PRODUCTS_DIR)/Workout.app/Workout";
			};
			name = Debug;
		};
		9EFC13651F8AB458004A4960 /* Release */ = {
			isa = XCBuildConfiguration;
			buildSettings = {
				ALWAYS_EMBED_SWIFT_STANDARD_LIBRARIES = YES;
				BUNDLE_LOADER = "$(TEST_HOST)";
				CODE_SIGN_STYLE = Automatic;
				INFOPLIST_FILE = WorkoutTests/Info.plist;
				LD_RUNPATH_SEARCH_PATHS = "$(inherited) @executable_path/Frameworks @loader_path/Frameworks";
				PRODUCT_BUNDLE_IDENTIFIER = com.king.yactayo.WorkoutTests;
				PRODUCT_NAME = "$(TARGET_NAME)";
				SWIFT_VERSION = 4.0;
				TARGETED_DEVICE_FAMILY = "1,2";
				TEST_HOST = "$(BUILT_PRODUCTS_DIR)/Workout.app/Workout";
			};
			name = Release;
		};
		9EFC13671F8AB458004A4960 /* Debug */ = {
			isa = XCBuildConfiguration;
			buildSettings = {
				ALWAYS_EMBED_SWIFT_STANDARD_LIBRARIES = YES;
				CODE_SIGN_STYLE = Automatic;
				INFOPLIST_FILE = WorkoutUITests/Info.plist;
				LD_RUNPATH_SEARCH_PATHS = "$(inherited) @executable_path/Frameworks @loader_path/Frameworks";
				PRODUCT_BUNDLE_IDENTIFIER = com.king.yactayo.WorkoutUITests;
				PRODUCT_NAME = "$(TARGET_NAME)";
				SWIFT_VERSION = 4.0;
				TARGETED_DEVICE_FAMILY = "1,2";
				TEST_TARGET_NAME = Workout;
			};
			name = Debug;
		};
		9EFC13681F8AB458004A4960 /* Release */ = {
			isa = XCBuildConfiguration;
			buildSettings = {
				ALWAYS_EMBED_SWIFT_STANDARD_LIBRARIES = YES;
				CODE_SIGN_STYLE = Automatic;
				INFOPLIST_FILE = WorkoutUITests/Info.plist;
				LD_RUNPATH_SEARCH_PATHS = "$(inherited) @executable_path/Frameworks @loader_path/Frameworks";
				PRODUCT_BUNDLE_IDENTIFIER = com.king.yactayo.WorkoutUITests;
				PRODUCT_NAME = "$(TARGET_NAME)";
				SWIFT_VERSION = 4.0;
				TARGETED_DEVICE_FAMILY = "1,2";
				TEST_TARGET_NAME = Workout;
			};
			name = Release;
		};
/* End XCBuildConfiguration section */

/* Begin XCConfigurationList section */
		9EFC13331F8AB458004A4960 /* Build configuration list for PBXProject "Workout" */ = {
			isa = XCConfigurationList;
			buildConfigurations = (
				9EFC135E1F8AB458004A4960 /* Debug */,
				9EFC135F1F8AB458004A4960 /* Release */,
			);
			defaultConfigurationIsVisible = 0;
			defaultConfigurationName = Release;
		};
		9EFC13601F8AB458004A4960 /* Build configuration list for PBXNativeTarget "Workout" */ = {
			isa = XCConfigurationList;
			buildConfigurations = (
				9EFC13611F8AB458004A4960 /* Debug */,
				9EFC13621F8AB458004A4960 /* Release */,
			);
			defaultConfigurationIsVisible = 0;
			defaultConfigurationName = Release;
		};
		9EFC13631F8AB458004A4960 /* Build configuration list for PBXNativeTarget "WorkoutTests" */ = {
			isa = XCConfigurationList;
			buildConfigurations = (
				9EFC13641F8AB458004A4960 /* Debug */,
				9EFC13651F8AB458004A4960 /* Release */,
			);
			defaultConfigurationIsVisible = 0;
			defaultConfigurationName = Release;
		};
		9EFC13661F8AB458004A4960 /* Build configuration list for PBXNativeTarget "WorkoutUITests" */ = {
			isa = XCConfigurationList;
			buildConfigurations = (
				9EFC13671F8AB458004A4960 /* Debug */,
				9EFC13681F8AB458004A4960 /* Release */,
			);
			defaultConfigurationIsVisible = 0;
			defaultConfigurationName = Release;
		};
/* End XCConfigurationList section */
	};
	rootObject = 9EFC13301F8AB458004A4960 /* Project object */;
}
